
Microsoft Visual Studio Solution File, Format Version 12.00
# Visual Studio Version 16
VisualStudioVersion = 16.0.29215.179
MinimumVisualStudioVersion = 10.0.40219.1
Project("{9A19103F-16F7-4668-BE54-9A1E7A4F7556}") = "RemoveDups", "RemoveDups\RemoveDups.csproj", "{ED80A70B-DB26-40C8-AA2D-D21378057B78}"
EndProject
Project("{FAE04EC0-301F-11D3-BF4B-00C04F79EFBC}") = "KFromLast", "KFromLast\KFromLast.csproj", "{AD941A21-1491-4CDD-A989-10ECABA9D39A}"
EndProject
Project("{FAE04EC0-301F-11D3-BF4B-00C04F79EFBC}") = "DeleteMiddleNode", "DeleteMiddleNode\DeleteMiddleNode.csproj", "{2694FAE1-C743-4404-873A-1B13F5AACA77}"
EndProject
Project("{FAE04EC0-301F-11D3-BF4B-00C04F79EFBC}") = "SumLists", "SumLists\SumLists.csproj", "{F8E2C268-640F-4E42-BD09-6240DA9601D2}"
EndProject
Global
	GlobalSection(SolutionConfigurationPlatforms) = preSolution
		Debug|Any CPU = Debug|Any CPU
		Release|Any CPU = Release|Any CPU
	EndGlobalSection
	GlobalSection(ProjectConfigurationPlatforms) = postSolution
		{ED80A70B-DB26-40C8-AA2D-D21378057B78}.Debug|Any CPU.ActiveCfg = Debug|Any CPU
		{ED80A70B-DB26-40C8-AA2D-D21378057B78}.Debug|Any CPU.Build.0 = Debug|Any CPU
		{ED80A70B-DB26-40C8-AA2D-D21378057B78}.Release|Any CPU.ActiveCfg = Release|Any CPU
		{ED80A70B-DB26-40C8-AA2D-D21378057B78}.Release|Any CPU.Build.0 = Release|Any CPU
		{AD941A21-1491-4CDD-A989-10ECABA9D39A}.Debug|Any CPU.ActiveCfg = Debug|Any CPU
		{AD941A21-1491-4CDD-A989-10ECABA9D39A}.Debug|Any CPU.Build.0 = Debug|Any CPU
		{AD941A21-1491-4CDD-A989-10ECABA9D39A}.Release|Any CPU.ActiveCfg = Release|Any CPU
		{AD941A21-1491-4CDD-A989-10ECABA9D39A}.Release|Any CPU.Build.0 = Release|Any CPU
		{2694FAE1-C743-4404-873A-1B13F5AACA77}.Debug|Any CPU.ActiveCfg = Debug|Any CPU
		{2694FAE1-C743-4404-873A-1B13F5AACA77}.Debug|Any CPU.Build.0 = Debug|Any CPU
		{2694FAE1-C743-4404-873A-1B13F5AACA77}.Release|Any CPU.ActiveCfg = Release|Any CPU
		{2694FAE1-C743-4404-873A-1B13F5AACA77}.Release|Any CPU.Build.0 = Release|Any CPU
		{F8E2C268-640F-4E42-BD09-6240DA9601D2}.Debug|Any CPU.ActiveCfg = Debug|Any CPU
		{F8E2C268-640F-4E42-BD09-6240DA9601D2}.Debug|Any CPU.Build.0 = Debug|Any CPU
		{F8E2C268-640F-4E42-BD09-6240DA9601D2}.Release|Any CPU.ActiveCfg = Release|Any CPU
		{F8E2C268-640F-4E42-BD09-6240DA9601D2}.Release|Any CPU.Build.0 = Release|Any CPU
	EndGlobalSection
	GlobalSection(SolutionProperties) = preSolution
		HideSolutionNode = FALSE
	EndGlobalSection
	GlobalSection(ExtensibilityGlobals) = postSolution
		SolutionGuid = {065FAC30-4523-423F-89D6-F63E631F38FE}
	EndGlobalSection
EndGlobal
